
Microsoft Visual Studio Solution File, Format Version 12.00
# Visual Studio Version 17
VisualStudioVersion = 17.14.36109.1 d17.14
MinimumVisualStudioVersion = 10.0.40219.1
Project("{FAE04EC0-301F-11D3-BF4B-00C04F79EFBC}") = "Test_TTS", "Test_TTS\Test_TTS.csproj", "{9B53DAE2-4422-4006-B1B1-8CC1EB6F2374}"
EndProject
Global
	GlobalSection(SolutionConfigurationPlatforms) = preSolution
		Debug|Any CPU = Debug|Any CPU
		Release|Any CPU = Release|Any CPU
	EndGlobalSection
	GlobalSection(ProjectConfigurationPlatforms) = postSolution
		{9B53DAE2-4422-4006-B1B1-8CC1EB6F2374}.Debug|Any CPU.ActiveCfg = Debug|Any CPU
		{9B53DAE2-4422-4006-B1B1-8CC1EB6F2374}.Debug|Any CPU.Build.0 = Debug|Any CPU
		{9B53DAE2-4422-4006-B1B1-8CC1EB6F2374}.Release|Any CPU.ActiveCfg = Release|Any CPU
		{9B53DAE2-4422-4006-B1B1-8CC1EB6F2374}.Release|Any CPU.Build.0 = Release|Any CPU
	EndGlobalSection
	GlobalSection(SolutionProperties) = preSolution
		HideSolutionNode = FALSE
	EndGlobalSection
	GlobalSection(ExtensibilityGlobals) = postSolution
		SolutionGuid = {D62114DB-A1A5-47BF-98B5-39B3EACA4E05}
	EndGlobalSection
EndGlobal
